
Microsoft Visual Studio Solution File, Format Version 12.00
# Visual Studio Version 17
VisualStudioVersion = 17.3.32811.315
MinimumVisualStudioVersion = 10.0.40219.1
Project("{FAE04EC0-301F-11D3-BF4B-00C04F79EFBC}") = "Fiap.Aula.03.Web", "Fiap.Aula.03.Web\Fiap.Aula.03.Web.csproj", "{9B238FDD-89B4-4CBC-A70B-6FB3871182B1}"
EndProject
Global
	GlobalSection(SolutionConfigurationPlatforms) = preSolution
		Debug|Any CPU = Debug|Any CPU
		Release|Any CPU = Release|Any CPU
	EndGlobalSection
	GlobalSection(ProjectConfigurationPlatforms) = postSolution
		{9B238FDD-89B4-4CBC-A70B-6FB3871182B1}.Debug|Any CPU.ActiveCfg = Debug|Any CPU
		{9B238FDD-89B4-4CBC-A70B-6FB3871182B1}.Debug|Any CPU.Build.0 = Debug|Any CPU
		{9B238FDD-89B4-4CBC-A70B-6FB3871182B1}.Release|Any CPU.ActiveCfg = Release|Any CPU
		{9B238FDD-89B4-4CBC-A70B-6FB3871182B1}.Release|Any CPU.Build.0 = Release|Any CPU
	EndGlobalSection
	GlobalSection(SolutionProperties) = preSolution
		HideSolutionNode = FALSE
	EndGlobalSection
	GlobalSection(ExtensibilityGlobals) = postSolution
		SolutionGuid = {F30E62DD-574A-4A44-A7B9-88EF82C3695C}
	EndGlobalSection
EndGlobal
